
Microsoft Visual Studio Solution File, Format Version 12.00
# Visual Studio 15
VisualStudioVersion = 15.0.28307.136
MinimumVisualStudioVersion = 10.0.40219.1
Project("{FAE04EC0-301F-11D3-BF4B-00C04F79EFBC}") = "XFTriggers.Android", "XFTriggers\XFTriggers.Android\XFTriggers.Android.csproj", "{71EEDD37-03EB-4292-A504-DE944DD72F27}"
EndProject
Project("{FAE04EC0-301F-11D3-BF4B-00C04F79EFBC}") = "XFTriggers.iOS", "XFTriggers\XFTriggers.iOS\XFTriggers.iOS.csproj", "{07460C28-5B33-46EC-B508-C33E92E042B9}"
EndProject
Project("{FAE04EC0-301F-11D3-BF4B-00C04F79EFBC}") = "XFTriggers", "XFTriggers\XFTriggers\XFTriggers.csproj", "{D008B495-FA63-46C9-B280-4F0B10D02BE9}"
EndProject
Global
	GlobalSection(SolutionConfigurationPlatforms) = preSolution
		Ad-Hoc|Any CPU = Ad-Hoc|Any CPU
		Ad-Hoc|iPhone = Ad-Hoc|iPhone
		Ad-Hoc|iPhoneSimulator = Ad-Hoc|iPhoneSimulator
		AppStore|Any CPU = AppStore|Any CPU
		AppStore|iPhone = AppStore|iPhone
		AppStore|iPhoneSimulator = AppStore|iPhoneSimulator
		Debug|Any CPU = Debug|Any CPU
		Debug|iPhone = Debug|iPhone
		Debug|iPhoneSimulator = Debug|iPhoneSimulator
		Release|Any CPU = Release|Any CPU
		Release|iPhone = Release|iPhone
		Release|iPhoneSimulator = Release|iPhoneSimulator
	EndGlobalSection
	GlobalSection(ProjectConfigurationPlatforms) = postSolution
		{71EEDD37-03EB-4292-A504-DE944DD72F27}.Ad-Hoc|Any CPU.ActiveCfg = Release|Any CPU
		{71EEDD37-03EB-4292-A504-DE944DD72F27}.Ad-Hoc|Any CPU.Build.0 = Release|Any CPU
		{71EEDD37-03EB-4292-A504-DE944DD72F27}.Ad-Hoc|Any CPU.Deploy.0 = Release|Any CPU
		{71EEDD37-03EB-4292-A504-DE944DD72F27}.Ad-Hoc|iPhone.ActiveCfg = Release|Any CPU
		{71EEDD37-03EB-4292-A504-DE944DD72F27}.Ad-Hoc|iPhone.Build.0 = Release|Any CPU
		{71EEDD37-03EB-4292-A504-DE944DD72F27}.Ad-Hoc|iPhone.Deploy.0 = Release|Any CPU
		{71EEDD37-03EB-4292-A504-DE944DD72F27}.Ad-Hoc|iPhoneSimulator.ActiveCfg = Release|Any CPU
		{71EEDD37-03EB-4292-A504-DE944DD72F27}.Ad-Hoc|iPhoneSimulator.Build.0 = Release|Any CPU
		{71EEDD37-03EB-4292-A504-DE944DD72F27}.Ad-Hoc|iPhoneSimulator.Deploy.0 = Release|Any CPU
		{71EEDD37-03EB-4292-A504-DE944DD72F27}.AppStore|Any CPU.ActiveCfg = Release|Any CPU
		{71EEDD37-03EB-4292-A504-DE944DD72F27}.AppStore|Any CPU.Build.0 = Release|Any CPU
		{71EEDD37-03EB-4292-A504-DE944DD72F27}.AppStore|Any CPU.Deploy.0 = Release|Any CPU
		{71EEDD37-03EB-4292-A504-DE944DD72F27}.AppStore|iPhone.ActiveCfg = Release|Any CPU
		{71EEDD37-03EB-4292-A504-DE944DD72F27}.AppStore|iPhone.Build.0 = Release|Any CPU
		{71EEDD37-03EB-4292-A504-DE944DD72F27}.AppStore|iPhone.Deploy.0 = Release|Any CPU
		{71EEDD37-03EB-4292-A504-DE944DD72F27}.AppStore|iPhoneSimulator.ActiveCfg = Release|Any CPU
		{71EEDD37-03EB-4292-A504-DE944DD72F27}.AppStore|iPhoneSimulator.Build.0 = Release|Any CPU
		{71EEDD37-03EB-4292-A504-DE944DD72F27}.AppStore|iPhoneSimulator.Deploy.0 = Release|Any CPU
		{71EEDD37-03EB-4292-A504-DE944DD72F27}.Debug|Any CPU.ActiveCfg = Debug|Any CPU
		{71EEDD37-03EB-4292-A504-DE944DD72F27}.Debug|Any CPU.Build.0 = Debug|Any CPU
		{71EEDD37-03EB-4292-A504-DE944DD72F27}.Debug|Any CPU.Deploy.0 = Debug|Any CPU
		{71EEDD37-03EB-4292-A504-DE944DD72F27}.Debug|iPhone.ActiveCfg = Debug|Any CPU
		{71EEDD37-03EB-4292-A504-DE944DD72F27}.Debug|iPhone.Build.0 = Debug|Any CPU
		{71EEDD37-03EB-4292-A504-DE944DD72F27}.Debug|iPhone.Deploy.0 = Debug|Any CPU
		{71EEDD37-03EB-4292-A504-DE944DD72F27}.Debug|iPhoneSimulator.ActiveCfg = Debug|Any CPU
		{71EEDD37-03EB-4292-A504-DE944DD72F27}.Debug|iPhoneSimulator.Build.0 = Debug|Any CPU
		{71EEDD37-03EB-4292-A504-DE944DD72F27}.Debug|iPhoneSimulator.Deploy.0 = Debug|Any CPU
		{71EEDD37-03EB-4292-A504-DE944DD72F27}.Release|Any CPU.ActiveCfg = Release|Any CPU
		{71EEDD37-03EB-4292-A504-DE944DD72F27}.Release|Any CPU.Build.0 = Release|Any CPU
		{71EEDD37-03EB-4292-A504-DE944DD72F27}.Release|Any CPU.Deploy.0 = Release|Any CPU
		{71EEDD37-03EB-4292-A504-DE944DD72F27}.Release|iPhone.ActiveCfg = Release|Any CPU
		{71EEDD37-03EB-4292-A504-DE944DD72F27}.Release|iPhone.Build.0 = Release|Any CPU
		{71EEDD37-03EB-4292-A504-DE944DD72F27}.Release|iPhone.Deploy.0 = Release|Any CPU
		{71EEDD37-03EB-4292-A504-DE944DD72F27}.Release|iPhoneSimulator.ActiveCfg = Release|Any CPU
		{71EEDD37-03EB-4292-A504-DE944DD72F27}.Release|iPhoneSimulator.Build.0 = Release|Any CPU
		{71EEDD37-03EB-4292-A504-DE944DD72F27}.Release|iPhoneSimulator.Deploy.0 = Release|Any CPU
		{07460C28-5B33-46EC-B508-C33E92E042B9}.Ad-Hoc|Any CPU.ActiveCfg = Ad-Hoc|iPhone
		{07460C28-5B33-46EC-B508-C33E92E042B9}.Ad-Hoc|Any CPU.Build.0 = Ad-Hoc|iPhone
		{07460C28-5B33-46EC-B508-C33E92E042B9}.Ad-Hoc|Any CPU.Deploy.0 = Ad-Hoc|iPhone
		{07460C28-5B33-46EC-B508-C33E92E042B9}.Ad-Hoc|iPhone.ActiveCfg = Ad-Hoc|iPhone
		{07460C28-5B33-46EC-B508-C33E92E042B9}.Ad-Hoc|iPhone.Build.0 = Ad-Hoc|iPhone
		{07460C28-5B33-46EC-B508-C33E92E042B9}.Ad-Hoc|iPhone.Deploy.0 = Ad-Hoc|iPhone
		{07460C28-5B33-46EC-B508-C33E92E042B9}.Ad-Hoc|iPhoneSimulator.ActiveCfg = Ad-Hoc|iPhoneSimulator
		{07460C28-5B33-46EC-B508-C33E92E042B9}.Ad-Hoc|iPhoneSimulator.Build.0 = Ad-Hoc|iPhoneSimulator
		{07460C28-5B33-46EC-B508-C33E92E042B9}.Ad-Hoc|iPhoneSimulator.Deploy.0 = Ad-Hoc|iPhoneSimulator
		{07460C28-5B33-46EC-B508-C33E92E042B9}.AppStore|Any CPU.ActiveCfg = AppStore|iPhone
		{07460C28-5B33-46EC-B508-C33E92E042B9}.AppStore|Any CPU.Build.0 = AppStore|iPhone
		{07460C28-5B33-46EC-B508-C33E92E042B9}.AppStore|Any CPU.Deploy.0 = AppStore|iPhone
		{07460C28-5B33-46EC-B508-C33E92E042B9}.AppStore|iPhone.ActiveCfg = AppStore|iPhone
		{07460C28-5B33-46EC-B508-C33E92E042B9}.AppStore|iPhone.Build.0 = AppStore|iPhone
		{07460C28-5B33-46EC-B508-C33E92E042B9}.AppStore|iPhone.Deploy.0 = AppStore|iPhone
		{07460C28-5B33-46EC-B508-C33E92E042B9}.AppStore|iPhoneSimulator.ActiveCfg = AppStore|iPhoneSimulator
		{07460C28-5B33-46EC-B508-C33E92E042B9}.AppStore|iPhoneSimulator.Build.0 = AppStore|iPhoneSimulator
		{07460C28-5B33-46EC-B508-C33E92E042B9}.AppStore|iPhoneSimulator.Deploy.0 = AppStore|iPhoneSimulator
		{07460C28-5B33-46EC-B508-C33E92E042B9}.Debug|Any CPU.ActiveCfg = Debug|iPhoneSimulator
		{07460C28-5B33-46EC-B508-C33E92E042B9}.Debug|Any CPU.Build.0 = Debug|iPhoneSimulator
		{07460C28-5B33-46EC-B508-C33E92E042B9}.Debug|Any CPU.Deploy.0 = Debug|iPhoneSimulator
		{07460C28-5B33-46EC-B508-C33E92E042B9}.Debug|iPhone.ActiveCfg = Debug|iPhone
		{07460C28-5B33-46EC-B508-C33E92E042B9}.Debug|iPhone.Build.0 = Debug|iPhone
		{07460C28-5B33-46EC-B508-C33E92E042B9}.Debug|iPhone.Deploy.0 = Debug|iPhone
		{07460C28-5B33-46EC-B508-C33E92E042B9}.Debug|iPhoneSimulator.ActiveCfg = Debug|iPhoneSimulator
		{07460C28-5B33-46EC-B508-C33E92E042B9}.Debug|iPhoneSimulator.Build.0 = Debug|iPhoneSimulator
		{07460C28-5B33-46EC-B508-C33E92E042B9}.Debug|iPhoneSimulator.Deploy.0 = Debug|iPhoneSimulator
		{07460C28-5B33-46EC-B508-C33E92E042B9}.Release|Any CPU.ActiveCfg = Release|iPhone
		{07460C28-5B33-46EC-B508-C33E92E042B9}.Release|Any CPU.Build.0 = Release|iPhone
		{07460C28-5B33-46EC-B508-C33E92E042B9}.Release|Any CPU.Deploy.0 = Release|iPhone
		{07460C28-5B33-46EC-B508-C33E92E042B9}.Release|iPhone.ActiveCfg = Release|iPhone
		{07460C28-5B33-46EC-B508-C33E92E042B9}.Release|iPhone.Build.0 = Release|iPhone
		{07460C28-5B33-46EC-B508-C33E92E042B9}.Release|iPhone.Deploy.0 = Release|iPhone
		{07460C28-5B33-46EC-B508-C33E92E042B9}.Release|iPhoneSimulator.ActiveCfg = Release|iPhoneSimulator
		{07460C28-5B33-46EC-B508-C33E92E042B9}.Release|iPhoneSimulator.Build.0 = Release|iPhoneSimulator
		{07460C28-5B33-46EC-B508-C33E92E042B9}.Release|iPhoneSimulator.Deploy.0 = Release|iPhoneSimulator
		{D008B495-FA63-46C9-B280-4F0B10D02BE9}.Ad-Hoc|Any CPU.ActiveCfg = Debug|Any CPU
		{D008B495-FA63-46C9-B280-4F0B10D02BE9}.Ad-Hoc|Any CPU.Build.0 = Debug|Any CPU
		{D008B495-FA63-46C9-B280-4F0B10D02BE9}.Ad-Hoc|Any CPU.Deploy.0 = Debug|Any CPU
		{D008B495-FA63-46C9-B280-4F0B10D02BE9}.Ad-Hoc|iPhone.ActiveCfg = Debug|Any CPU
		{D008B495-FA63-46C9-B280-4F0B10D02BE9}.Ad-Hoc|iPhone.Build.0 = Debug|Any CPU
		{D008B495-FA63-46C9-B280-4F0B10D02BE9}.Ad-Hoc|iPhone.Deploy.0 = Debug|Any CPU
		{D008B495-FA63-46C9-B280-4F0B10D02BE9}.Ad-Hoc|iPhoneSimulator.ActiveCfg = Debug|Any CPU
		{D008B495-FA63-46C9-B280-4F0B10D02BE9}.Ad-Hoc|iPhoneSimulator.Build.0 = Debug|Any CPU
		{D008B495-FA63-46C9-B280-4F0B10D02BE9}.Ad-Hoc|iPhoneSimulator.Deploy.0 = Debug|Any CPU
		{D008B495-FA63-46C9-B280-4F0B10D02BE9}.AppStore|Any CPU.ActiveCfg = Debug|Any CPU
		{D008B495-FA63-46C9-B280-4F0B10D02BE9}.AppStore|Any CPU.Build.0 = Debug|Any CPU
		{D008B495-FA63-46C9-B280-4F0B10D02BE9}.AppStore|Any CPU.Deploy.0 = Debug|Any CPU
		{D008B495-FA63-46C9-B280-4F0B10D02BE9}.AppStore|iPhone.ActiveCfg = Debug|Any CPU
		{D008B495-FA63-46C9-B280-4F0B10D02BE9}.AppStore|iPhone.Build.0 = Debug|Any CPU
		{D008B495-FA63-46C9-B280-4F0B10D02BE9}.AppStore|iPhone.Deploy.0 = Debug|Any CPU
		{D008B495-FA63-46C9-B280-4F0B10D02BE9}.AppStore|iPhoneSimulator.ActiveCfg = Debug|Any CPU
		{D008B495-FA63-46C9-B280-4F0B10D02BE9}.AppStore|iPhoneSimulator.Build.0 = Debug|Any CPU
		{D008B495-FA63-46C9-B280-4F0B10D02BE9}.AppStore|iPhoneSimulator.Deploy.0 = Debug|Any CPU
		{D008B495-FA63-46C9-B280-4F0B10D02BE9}.Debug|Any CPU.ActiveCfg = Debug|Any CPU
		{D008B495-FA63-46C9-B280-4F0B10D02BE9}.Debug|Any CPU.Build.0 = Debug|Any CPU
		{D008B495-FA63-46C9-B280-4F0B10D02BE9}.Debug|Any CPU.Deploy.0 = Debug|Any CPU
		{D008B495-FA63-46C9-B280-4F0B10D02BE9}.Debug|iPhone.ActiveCfg = Debug|Any CPU
		{D008B495-FA63-46C9-B280-4F0B10D02BE9}.Debug|iPhone.Build.0 = Debug|Any CPU
		{D008B495-FA63-46C9-B280-4F0B10D02BE9}.Debug|iPhone.Deploy.0 = Debug|Any CPU
		{D008B495-FA63-46C9-B280-4F0B10D02BE9}.Debug|iPhoneSimulator.ActiveCfg = Debug|Any CPU
		{D008B495-FA63-46C9-B280-4F0B10D02BE9}.Debug|iPhoneSimulator.Build.0 = Debug|Any CPU
		{D008B495-FA63-46C9-B280-4F0B10D02BE9}.Debug|iPhoneSimulator.Deploy.0 = Debug|Any CPU
		{D008B495-FA63-46C9-B280-4F0B10D02BE9}.Release|Any CPU.ActiveCfg = Release|Any CPU
		{D008B495-FA63-46C9-B280-4F0B10D02BE9}.Release|Any CPU.Build.0 = Release|Any CPU
		{D008B495-FA63-46C9-B280-4F0B10D02BE9}.Release|Any CPU.Deploy.0 = Release|Any CPU
		{D008B495-FA63-46C9-B280-4F0B10D02BE9}.Release|iPhone.ActiveCfg = Release|Any CPU
		{D008B495-FA63-46C9-B280-4F0B10D02BE9}.Release|iPhone.Build.0 = Release|Any CPU
		{D008B495-FA63-46C9-B280-4F0B10D02BE9}.Release|iPhone.Deploy.0 = Release|Any CPU
		{D008B495-FA63-46C9-B280-4F0B10D02BE9}.Release|iPhoneSimulator.ActiveCfg = Release|Any CPU
		{D008B495-FA63-46C9-B280-4F0B10D02BE9}.Release|iPhoneSimulator.Build.0 = Release|Any CPU
		{D008B495-FA63-46C9-B280-4F0B10D02BE9}.Release|iPhoneSimulator.Deploy.0 = Release|Any CPU
	EndGlobalSection
	GlobalSection(SolutionProperties) = preSolution
		HideSolutionNode = FALSE
	EndGlobalSection
	GlobalSection(ExtensibilityGlobals) = postSolution
		SolutionGuid = {359A5B09-31E9-4E4A-A3DF-3E79C62FDD2E}
	EndGlobalSection
EndGlobal
